
Microsoft Visual Studio Solution File, Format Version 12.00
# Visual Studio Version 17
VisualStudioVersion = 17.10.34928.147
MinimumVisualStudioVersion = 10.0.40219.1
Project("{9A19103F-16F7-4668-BE54-9A1E7A4F7556}") = "challenges-and-data-structures", "challenges-and-data-structures\challenges-and-data-structures.csproj", "{E6C4FF8A-5EFE-480A-8B9A-EF30AE956238}"
EndProject
Project("{9A19103F-16F7-4668-BE54-9A1E7A4F7556}") = "TestProject", "TestProject\TestProject.csproj", "{2ED60099-55D0-4459-8FA9-D254F6C7EF7C}"
EndProject
Project("{9A19103F-16F7-4668-BE54-9A1E7A4F7556}") = "RevrseWords", "RevrseWords\RevrseWords.csproj", "{8DE8E9CC-0EC4-41A4-A205-73120873ADBF}"
EndProject
Project("{9A19103F-16F7-4668-BE54-9A1E7A4F7556}") = "LinkedListTest", "LinkedListTest\LinkedListTest.csproj", "{141903B0-EEA2-4C0C-AE6F-40FC398930A9}"
EndProject
Project("{9A19103F-16F7-4668-BE54-9A1E7A4F7556}") = "MergeSortedLinkedListsTests", "MergeSortedLinkedListsTests\MergeSortedLinkedListsTests.csproj", "{A6BDADC6-711F-4F6E-982F-91EC17617B7C}"
EndProject
Project("{9A19103F-16F7-4668-BE54-9A1E7A4F7556}") = "StackAndQueueTests", "StackAndQueueTests\StackAndQueueTests.csproj", "{F4E54355-E862-45DB-90E3-E137A0CE0B7B}"
EndProject
Project("{9A19103F-16F7-4668-BE54-9A1E7A4F7556}") = "TreeTests", "TreeTests\TreeTests.csproj", "{F15E0D2E-AA3E-4312-8804-EB461261B518}"
EndProject
Project("{9A19103F-16F7-4668-BE54-9A1E7A4F7556}") = "SecondMaxValueTests", "SecondMaxValueTests\SecondMaxValueTests.csproj", "{554ED30C-5EEE-4AB6-95FC-EE9BA58CA44A}"
EndProject
Project("{FAE04EC0-301F-11D3-BF4B-00C04F79EFBC}") = "LeafSumCalculatorTests", "LeafSumCalculatorTests\LeafSumCalculatorTests.csproj", "{E5504FF0-9AE2-407B-ADA1-F8CD691BDF9C}"
EndProject
Global
	GlobalSection(SolutionConfigurationPlatforms) = preSolution
		Debug|Any CPU = Debug|Any CPU
		Release|Any CPU = Release|Any CPU
	EndGlobalSection
	GlobalSection(ProjectConfigurationPlatforms) = postSolution
		{E6C4FF8A-5EFE-480A-8B9A-EF30AE956238}.Debug|Any CPU.ActiveCfg = Debug|Any CPU
		{E6C4FF8A-5EFE-480A-8B9A-EF30AE956238}.Debug|Any CPU.Build.0 = Debug|Any CPU
		{E6C4FF8A-5EFE-480A-8B9A-EF30AE956238}.Release|Any CPU.ActiveCfg = Release|Any CPU
		{E6C4FF8A-5EFE-480A-8B9A-EF30AE956238}.Release|Any CPU.Build.0 = Release|Any CPU
		{2ED60099-55D0-4459-8FA9-D254F6C7EF7C}.Debug|Any CPU.ActiveCfg = Debug|Any CPU
		{2ED60099-55D0-4459-8FA9-D254F6C7EF7C}.Debug|Any CPU.Build.0 = Debug|Any CPU
		{2ED60099-55D0-4459-8FA9-D254F6C7EF7C}.Release|Any CPU.ActiveCfg = Release|Any CPU
		{2ED60099-55D0-4459-8FA9-D254F6C7EF7C}.Release|Any CPU.Build.0 = Release|Any CPU
		{8DE8E9CC-0EC4-41A4-A205-73120873ADBF}.Debug|Any CPU.ActiveCfg = Debug|Any CPU
		{8DE8E9CC-0EC4-41A4-A205-73120873ADBF}.Debug|Any CPU.Build.0 = Debug|Any CPU
		{8DE8E9CC-0EC4-41A4-A205-73120873ADBF}.Release|Any CPU.ActiveCfg = Release|Any CPU
		{8DE8E9CC-0EC4-41A4-A205-73120873ADBF}.Release|Any CPU.Build.0 = Release|Any CPU
		{141903B0-EEA2-4C0C-AE6F-40FC398930A9}.Debug|Any CPU.ActiveCfg = Debug|Any CPU
		{141903B0-EEA2-4C0C-AE6F-40FC398930A9}.Debug|Any CPU.Build.0 = Debug|Any CPU
		{141903B0-EEA2-4C0C-AE6F-40FC398930A9}.Release|Any CPU.ActiveCfg = Release|Any CPU
		{141903B0-EEA2-4C0C-AE6F-40FC398930A9}.Release|Any CPU.Build.0 = Release|Any CPU
		{A6BDADC6-711F-4F6E-982F-91EC17617B7C}.Debug|Any CPU.ActiveCfg = Debug|Any CPU
		{A6BDADC6-711F-4F6E-982F-91EC17617B7C}.Debug|Any CPU.Build.0 = Debug|Any CPU
		{A6BDADC6-711F-4F6E-982F-91EC17617B7C}.Release|Any CPU.ActiveCfg = Release|Any CPU
		{A6BDADC6-711F-4F6E-982F-91EC17617B7C}.Release|Any CPU.Build.0 = Release|Any CPU
		{F4E54355-E862-45DB-90E3-E137A0CE0B7B}.Debug|Any CPU.ActiveCfg = Debug|Any CPU
		{F4E54355-E862-45DB-90E3-E137A0CE0B7B}.Debug|Any CPU.Build.0 = Debug|Any CPU
		{F4E54355-E862-45DB-90E3-E137A0CE0B7B}.Release|Any CPU.ActiveCfg = Release|Any CPU
		{F4E54355-E862-45DB-90E3-E137A0CE0B7B}.Release|Any CPU.Build.0 = Release|Any CPU
		{F15E0D2E-AA3E-4312-8804-EB461261B518}.Debug|Any CPU.ActiveCfg = Debug|Any CPU
		{F15E0D2E-AA3E-4312-8804-EB461261B518}.Debug|Any CPU.Build.0 = Debug|Any CPU
		{F15E0D2E-AA3E-4312-8804-EB461261B518}.Release|Any CPU.ActiveCfg = Release|Any CPU
		{F15E0D2E-AA3E-4312-8804-EB461261B518}.Release|Any CPU.Build.0 = Release|Any CPU
		{554ED30C-5EEE-4AB6-95FC-EE9BA58CA44A}.Debug|Any CPU.ActiveCfg = Debug|Any CPU
		{554ED30C-5EEE-4AB6-95FC-EE9BA58CA44A}.Debug|Any CPU.Build.0 = Debug|Any CPU
		{554ED30C-5EEE-4AB6-95FC-EE9BA58CA44A}.Release|Any CPU.ActiveCfg = Release|Any CPU
		{554ED30C-5EEE-4AB6-95FC-EE9BA58CA44A}.Release|Any CPU.Build.0 = Release|Any CPU
		{E5504FF0-9AE2-407B-ADA1-F8CD691BDF9C}.Debug|Any CPU.ActiveCfg = Debug|Any CPU
		{E5504FF0-9AE2-407B-ADA1-F8CD691BDF9C}.Debug|Any CPU.Build.0 = Debug|Any CPU
		{E5504FF0-9AE2-407B-ADA1-F8CD691BDF9C}.Release|Any CPU.ActiveCfg = Release|Any CPU
		{E5504FF0-9AE2-407B-ADA1-F8CD691BDF9C}.Release|Any CPU.Build.0 = Release|Any CPU
	EndGlobalSection
	GlobalSection(SolutionProperties) = preSolution
		HideSolutionNode = FALSE
	EndGlobalSection
	GlobalSection(ExtensibilityGlobals) = postSolution
		SolutionGuid = {566368CB-0B0B-45A8-9CD4-86645E787A89}
	EndGlobalSection
EndGlobal
